
Microsoft Visual Studio Solution File, Format Version 12.00
# Visual Studio Version 17
VisualStudioVersion = 17.9.34607.119
MinimumVisualStudioVersion = 10.0.40219.1
Project("{FAE04EC0-301F-11D3-BF4B-00C04F79EFBC}") = "expresionLamdaApp", "expresionLamdaApp\expresionLamdaApp.csproj", "{BA10CA25-733D-41F8-8E33-78D296015FAE}"
EndProject
Global
	GlobalSection(SolutionConfigurationPlatforms) = preSolution
		Debug|Any CPU = Debug|Any CPU
		Release|Any CPU = Release|Any CPU
	EndGlobalSection
	GlobalSection(ProjectConfigurationPlatforms) = postSolution
		{BA10CA25-733D-41F8-8E33-78D296015FAE}.Debug|Any CPU.ActiveCfg = Debug|Any CPU
		{BA10CA25-733D-41F8-8E33-78D296015FAE}.Debug|Any CPU.Build.0 = Debug|Any CPU
		{BA10CA25-733D-41F8-8E33-78D296015FAE}.Release|Any CPU.ActiveCfg = Release|Any CPU
		{BA10CA25-733D-41F8-8E33-78D296015FAE}.Release|Any CPU.Build.0 = Release|Any CPU
	EndGlobalSection
	GlobalSection(SolutionProperties) = preSolution
		HideSolutionNode = FALSE
	EndGlobalSection
	GlobalSection(ExtensibilityGlobals) = postSolution
		SolutionGuid = {5C3ABEE3-1347-41A6-88EC-F7D47AE63DC5}
	EndGlobalSection
EndGlobal
