
Microsoft Visual Studio Solution File, Format Version 12.00
# Visual Studio Version 17
VisualStudioVersion = 17.9.34607.119
MinimumVisualStudioVersion = 10.0.40219.1
Project("{FAE04EC0-301F-11D3-BF4B-00C04F79EFBC}") = "ConsoleAppGenerics2Ejemplo", "ConsoleAppGenerics2Ejemplo\ConsoleAppGenerics2Ejemplo.csproj", "{7BF85729-18C1-47D7-A627-19F612059E71}"
EndProject
Global
	GlobalSection(SolutionConfigurationPlatforms) = preSolution
		Debug|Any CPU = Debug|Any CPU
		Release|Any CPU = Release|Any CPU
	EndGlobalSection
	GlobalSection(ProjectConfigurationPlatforms) = postSolution
		{7BF85729-18C1-47D7-A627-19F612059E71}.Debug|Any CPU.ActiveCfg = Debug|Any CPU
		{7BF85729-18C1-47D7-A627-19F612059E71}.Debug|Any CPU.Build.0 = Debug|Any CPU
		{7BF85729-18C1-47D7-A627-19F612059E71}.Release|Any CPU.ActiveCfg = Release|Any CPU
		{7BF85729-18C1-47D7-A627-19F612059E71}.Release|Any CPU.Build.0 = Release|Any CPU
	EndGlobalSection
	GlobalSection(SolutionProperties) = preSolution
		HideSolutionNode = FALSE
	EndGlobalSection
	GlobalSection(ExtensibilityGlobals) = postSolution
		SolutionGuid = {6CED399F-5C68-4701-A07B-019ACC634E1C}
	EndGlobalSection
EndGlobal
