
Microsoft Visual Studio Solution File, Format Version 12.00
# Visual Studio Version 17
VisualStudioVersion = 17.8.34511.84
MinimumVisualStudioVersion = 10.0.40219.1
Project("{FAE04EC0-301F-11D3-BF4B-00C04F79EFBC}") = "C_AppFunciones_Metodos", "C_AppFunciones_Metodos\C_AppFunciones_Metodos.csproj", "{66D303C5-B95C-4F6B-94EF-1D7C7B60D7C3}"
EndProject
Global
	GlobalSection(SolutionConfigurationPlatforms) = preSolution
		Debug|Any CPU = Debug|Any CPU
		Release|Any CPU = Release|Any CPU
	EndGlobalSection
	GlobalSection(ProjectConfigurationPlatforms) = postSolution
		{66D303C5-B95C-4F6B-94EF-1D7C7B60D7C3}.Debug|Any CPU.ActiveCfg = Debug|Any CPU
		{66D303C5-B95C-4F6B-94EF-1D7C7B60D7C3}.Debug|Any CPU.Build.0 = Debug|Any CPU
		{66D303C5-B95C-4F6B-94EF-1D7C7B60D7C3}.Release|Any CPU.ActiveCfg = Release|Any CPU
		{66D303C5-B95C-4F6B-94EF-1D7C7B60D7C3}.Release|Any CPU.Build.0 = Release|Any CPU
	EndGlobalSection
	GlobalSection(SolutionProperties) = preSolution
		HideSolutionNode = FALSE
	EndGlobalSection
	GlobalSection(ExtensibilityGlobals) = postSolution
		SolutionGuid = {9DE51D4C-1AC1-4F86-A751-B8EC369FD135}
	EndGlobalSection
EndGlobal
