
Microsoft Visual Studio Solution File, Format Version 12.00
# Visual Studio Version 17
VisualStudioVersion = 17.8.34511.84
MinimumVisualStudioVersion = 10.0.40219.1
Project("{FAE04EC0-301F-11D3-BF4B-00C04F79EFBC}") = "C_AppSentenciaIf", "C_AppSentenciaIf\C_AppSentenciaIf.csproj", "{3D1BD6AF-D0E5-43B1-BEC2-739260BB1834}"
EndProject
Global
	GlobalSection(SolutionConfigurationPlatforms) = preSolution
		Debug|Any CPU = Debug|Any CPU
		Release|Any CPU = Release|Any CPU
	EndGlobalSection
	GlobalSection(ProjectConfigurationPlatforms) = postSolution
		{3D1BD6AF-D0E5-43B1-BEC2-739260BB1834}.Debug|Any CPU.ActiveCfg = Debug|Any CPU
		{3D1BD6AF-D0E5-43B1-BEC2-739260BB1834}.Debug|Any CPU.Build.0 = Debug|Any CPU
		{3D1BD6AF-D0E5-43B1-BEC2-739260BB1834}.Release|Any CPU.ActiveCfg = Release|Any CPU
		{3D1BD6AF-D0E5-43B1-BEC2-739260BB1834}.Release|Any CPU.Build.0 = Release|Any CPU
	EndGlobalSection
	GlobalSection(SolutionProperties) = preSolution
		HideSolutionNode = FALSE
	EndGlobalSection
	GlobalSection(ExtensibilityGlobals) = postSolution
		SolutionGuid = {027A738A-AF55-49E6-BE1C-88464852CA25}
	EndGlobalSection
EndGlobal
