
Microsoft Visual Studio Solution File, Format Version 12.00
# Visual Studio Version 17
VisualStudioVersion = 17.9.34607.119
MinimumVisualStudioVersion = 10.0.40219.1
Project("{FAE04EC0-301F-11D3-BF4B-00C04F79EFBC}") = "ConsoleAppSobreescrituraMet", "ConsoleAppSobreescrituraMet\ConsoleAppSobreescrituraMet.csproj", "{1A49A88A-49C7-4CE1-B0A1-A17601C9F887}"
EndProject
Global
	GlobalSection(SolutionConfigurationPlatforms) = preSolution
		Debug|Any CPU = Debug|Any CPU
		Release|Any CPU = Release|Any CPU
	EndGlobalSection
	GlobalSection(ProjectConfigurationPlatforms) = postSolution
		{1A49A88A-49C7-4CE1-B0A1-A17601C9F887}.Debug|Any CPU.ActiveCfg = Debug|Any CPU
		{1A49A88A-49C7-4CE1-B0A1-A17601C9F887}.Debug|Any CPU.Build.0 = Debug|Any CPU
		{1A49A88A-49C7-4CE1-B0A1-A17601C9F887}.Release|Any CPU.ActiveCfg = Release|Any CPU
		{1A49A88A-49C7-4CE1-B0A1-A17601C9F887}.Release|Any CPU.Build.0 = Release|Any CPU
	EndGlobalSection
	GlobalSection(SolutionProperties) = preSolution
		HideSolutionNode = FALSE
	EndGlobalSection
	GlobalSection(ExtensibilityGlobals) = postSolution
		SolutionGuid = {1224A09B-236F-4EC1-BFAF-1F0F62BC9A77}
	EndGlobalSection
EndGlobal
