
Microsoft Visual Studio Solution File, Format Version 12.00
# Visual Studio Version 17
VisualStudioVersion = 17.9.34607.119
MinimumVisualStudioVersion = 10.0.40219.1
Project("{FAE04EC0-301F-11D3-BF4B-00C04F79EFBC}") = "DelegadoPredicate", "DelegadoPredicate\DelegadoPredicate.csproj", "{10BC47E7-814F-46BA-9AFC-29363B462E18}"
EndProject
Global
	GlobalSection(SolutionConfigurationPlatforms) = preSolution
		Debug|Any CPU = Debug|Any CPU
		Release|Any CPU = Release|Any CPU
	EndGlobalSection
	GlobalSection(ProjectConfigurationPlatforms) = postSolution
		{10BC47E7-814F-46BA-9AFC-29363B462E18}.Debug|Any CPU.ActiveCfg = Debug|Any CPU
		{10BC47E7-814F-46BA-9AFC-29363B462E18}.Debug|Any CPU.Build.0 = Debug|Any CPU
		{10BC47E7-814F-46BA-9AFC-29363B462E18}.Release|Any CPU.ActiveCfg = Release|Any CPU
		{10BC47E7-814F-46BA-9AFC-29363B462E18}.Release|Any CPU.Build.0 = Release|Any CPU
	EndGlobalSection
	GlobalSection(SolutionProperties) = preSolution
		HideSolutionNode = FALSE
	EndGlobalSection
	GlobalSection(ExtensibilityGlobals) = postSolution
		SolutionGuid = {86EF77E4-A2D6-4564-A597-AA1030BDABDF}
	EndGlobalSection
EndGlobal
