
Microsoft Visual Studio Solution File, Format Version 12.00
# Visual Studio Version 17
VisualStudioVersion = 17.8.34511.84
MinimumVisualStudioVersion = 10.0.40219.1
Project("{FAE04EC0-301F-11D3-BF4B-00C04F79EFBC}") = "ConsoleApp1", "ConsoleApp1\ConsoleApp1.csproj", "{E72A8812-4F6B-4E81-BC17-8C8E3C6FA6ED}"
EndProject
Global
	GlobalSection(SolutionConfigurationPlatforms) = preSolution
		Debug|Any CPU = Debug|Any CPU
		Release|Any CPU = Release|Any CPU
	EndGlobalSection
	GlobalSection(ProjectConfigurationPlatforms) = postSolution
		{E72A8812-4F6B-4E81-BC17-8C8E3C6FA6ED}.Debug|Any CPU.ActiveCfg = Debug|Any CPU
		{E72A8812-4F6B-4E81-BC17-8C8E3C6FA6ED}.Debug|Any CPU.Build.0 = Debug|Any CPU
		{E72A8812-4F6B-4E81-BC17-8C8E3C6FA6ED}.Release|Any CPU.ActiveCfg = Release|Any CPU
		{E72A8812-4F6B-4E81-BC17-8C8E3C6FA6ED}.Release|Any CPU.Build.0 = Release|Any CPU
	EndGlobalSection
	GlobalSection(SolutionProperties) = preSolution
		HideSolutionNode = FALSE
	EndGlobalSection
	GlobalSection(ExtensibilityGlobals) = postSolution
		SolutionGuid = {4467C762-F084-414E-9331-6FC75E6226A0}
	EndGlobalSection
EndGlobal
